{
  "name": "grp_converter",
  "lockfileVersion": 3,
  "requires": true,
  "packages": {
    "": {
      "dependencies": {
        "ooz-wasm": "^2.0.0"
      }
    },
    "node_modules/ooz-wasm": {
      "version": "2.0.0",
      "resolved": "https://registry.npmjs.org/ooz-wasm/-/ooz-wasm-2.0.0.tgz",
      "integrity": "sha512-Ewk+Vga2m9niFGV5qT+4EKfBnFEQSQfnTdOWSlnQcpDB2OAdk7TpRHfKqxLSLhDKRjKjw9R+sGlOreWW8ABR0A==",
      "license": "GPL-3.0-or-later"
    }
  }
}
